
Microsoft Visual Studio Solution File, Format Version 12.00
# Visual Studio 2013
VisualStudioVersion = 12.0.31101.0
MinimumVisualStudioVersion = 10.0.40219.1
Project("{FAE04EC0-301F-11D3-BF4B-00C04F79EFBC}") = "ControlLayer", "ControlLayer\ControlLayer.csproj", "{EEC37E63-9A3A-478D-AC42-C6998CD8DA92}"
EndProject
Project("{FAE04EC0-301F-11D3-BF4B-00C04F79EFBC}") = "DatabaseLayer", "DatabaseLayer\DatabaseLayer.csproj", "{7D93996F-93B4-4DA0-BA08-4FB6B86B3E7D}"
EndProject
Project("{FAE04EC0-301F-11D3-BF4B-00C04F79EFBC}") = "GraphLayer", "GraphLayer\GraphLayer.csproj", "{08DECFC9-F924-45D4-AB1C-CF1A9B4D970C}"
EndProject
Project("{FAE04EC0-301F-11D3-BF4B-00C04F79EFBC}") = "TestLayer", "TestLayer\TestLayer.csproj", "{DAA318A2-C353-4A45-9866-A0817A44DC75}"
EndProject
Project("{FAE04EC0-301F-11D3-BF4B-00C04F79EFBC}") = "FlightService", "FlightService\FlightService.csproj", "{DB46E2F5-67A1-47BD-9105-2E9238B19240}"
EndProject
Global
	GlobalSection(SubversionScc) = preSolution
		Svn-Managed = True
		Manager = AnkhSVN - Subversion Support for Visual Studio
	EndGlobalSection
	GlobalSection(SolutionConfigurationPlatforms) = preSolution
		Debug|Any CPU = Debug|Any CPU
		Release|Any CPU = Release|Any CPU
	EndGlobalSection
	GlobalSection(ProjectConfigurationPlatforms) = postSolution
		{EEC37E63-9A3A-478D-AC42-C6998CD8DA92}.Debug|Any CPU.ActiveCfg = Debug|Any CPU
		{EEC37E63-9A3A-478D-AC42-C6998CD8DA92}.Debug|Any CPU.Build.0 = Debug|Any CPU
		{EEC37E63-9A3A-478D-AC42-C6998CD8DA92}.Release|Any CPU.ActiveCfg = Release|Any CPU
		{EEC37E63-9A3A-478D-AC42-C6998CD8DA92}.Release|Any CPU.Build.0 = Release|Any CPU
		{7D93996F-93B4-4DA0-BA08-4FB6B86B3E7D}.Debug|Any CPU.ActiveCfg = Debug|Any CPU
		{7D93996F-93B4-4DA0-BA08-4FB6B86B3E7D}.Debug|Any CPU.Build.0 = Debug|Any CPU
		{7D93996F-93B4-4DA0-BA08-4FB6B86B3E7D}.Release|Any CPU.ActiveCfg = Release|Any CPU
		{7D93996F-93B4-4DA0-BA08-4FB6B86B3E7D}.Release|Any CPU.Build.0 = Release|Any CPU
		{08DECFC9-F924-45D4-AB1C-CF1A9B4D970C}.Debug|Any CPU.ActiveCfg = Debug|Any CPU
		{08DECFC9-F924-45D4-AB1C-CF1A9B4D970C}.Debug|Any CPU.Build.0 = Debug|Any CPU
		{08DECFC9-F924-45D4-AB1C-CF1A9B4D970C}.Release|Any CPU.ActiveCfg = Release|Any CPU
		{08DECFC9-F924-45D4-AB1C-CF1A9B4D970C}.Release|Any CPU.Build.0 = Release|Any CPU
		{DAA318A2-C353-4A45-9866-A0817A44DC75}.Debug|Any CPU.ActiveCfg = Debug|Any CPU
		{DAA318A2-C353-4A45-9866-A0817A44DC75}.Debug|Any CPU.Build.0 = Debug|Any CPU
		{DAA318A2-C353-4A45-9866-A0817A44DC75}.Release|Any CPU.ActiveCfg = Release|Any CPU
		{DAA318A2-C353-4A45-9866-A0817A44DC75}.Release|Any CPU.Build.0 = Release|Any CPU
		{DB46E2F5-67A1-47BD-9105-2E9238B19240}.Debug|Any CPU.ActiveCfg = Debug|Any CPU
		{DB46E2F5-67A1-47BD-9105-2E9238B19240}.Debug|Any CPU.Build.0 = Debug|Any CPU
		{DB46E2F5-67A1-47BD-9105-2E9238B19240}.Release|Any CPU.ActiveCfg = Release|Any CPU
		{DB46E2F5-67A1-47BD-9105-2E9238B19240}.Release|Any CPU.Build.0 = Release|Any CPU
	EndGlobalSection
	GlobalSection(SolutionProperties) = preSolution
		HideSolutionNode = FALSE
	EndGlobalSection
EndGlobal
